// !$*UTF8*$!
{
	archiveVersion = 1;
	classes = {
	};
	objectVersion = 56;
	objects = {

/* Begin PBXBuildFile section */
		3116B28B2AA07C5100308CDA /* LoginViewModel.swift in Sources */ = {isa = PBXBuildFile; fileRef = 3116B28A2AA07C5100308CDA /* LoginViewModel.swift */; };
		3116B28D2AA0909B00308CDA /* SignupViewController.swift in Sources */ = {isa = PBXBuildFile; fileRef = 3116B28C2AA0909B00308CDA /* SignupViewController.swift */; };
		311CA18C2AAB376A007FD9A7 /* NicknameViewController.swift in Sources */ = {isa = PBXBuildFile; fileRef = 311CA18B2AAB376A007FD9A7 /* NicknameViewController.swift */; };
		311CA18E2AAB3776007FD9A7 /* NicknameViewModel.swift in Sources */ = {isa = PBXBuildFile; fileRef = 311CA18D2AAB3776007FD9A7 /* NicknameViewModel.swift */; };
		312006AE2AA9DE9F00501128 /* EmailAuthViewController.swift in Sources */ = {isa = PBXBuildFile; fileRef = 312006AD2AA9DE9F00501128 /* EmailAuthViewController.swift */; };
		312006B02AA9DEAD00501128 /* EmailAuthViewModel.swift in Sources */ = {isa = PBXBuildFile; fileRef = 312006AF2AA9DEAD00501128 /* EmailAuthViewModel.swift */; };
		312006B32AAAF25000501128 /* ConfirmEmailAuthViewController.swift in Sources */ = {isa = PBXBuildFile; fileRef = 312006B22AAAF25000501128 /* ConfirmEmailAuthViewController.swift */; };
		312006B52AAAF39900501128 /* ConfirmEmailAuthViewModel.swift in Sources */ = {isa = PBXBuildFile; fileRef = 312006B42AAAF39900501128 /* ConfirmEmailAuthViewModel.swift */; };
		312476A52AA0588C00D318C7 /* AppDelegate.swift in Sources */ = {isa = PBXBuildFile; fileRef = 312476A42AA0588C00D318C7 /* AppDelegate.swift */; };
		312476A72AA0588C00D318C7 /* SceneDelegate.swift in Sources */ = {isa = PBXBuildFile; fileRef = 312476A62AA0588C00D318C7 /* SceneDelegate.swift */; };
		312476A92AA0588C00D318C7 /* LoginViewController.swift in Sources */ = {isa = PBXBuildFile; fileRef = 312476A82AA0588C00D318C7 /* LoginViewController.swift */; };
		312476AE2AA0588D00D318C7 /* Assets.xcassets in Resources */ = {isa = PBXBuildFile; fileRef = 312476AD2AA0588D00D318C7 /* Assets.xcassets */; };
		312476B12AA0588D00D318C7 /* LaunchScreen.storyboard in Resources */ = {isa = PBXBuildFile; fileRef = 312476AF2AA0588D00D318C7 /* LaunchScreen.storyboard */; };
		312476BA2AA05E1C00D318C7 /* RxBlocking in Frameworks */ = {isa = PBXBuildFile; productRef = 312476B92AA05E1C00D318C7 /* RxBlocking */; };
		312476BC2AA05E1C00D318C7 /* RxCocoa in Frameworks */ = {isa = PBXBuildFile; productRef = 312476BB2AA05E1C00D318C7 /* RxCocoa */; };
		312476BE2AA05E1C00D318C7 /* RxRelay in Frameworks */ = {isa = PBXBuildFile; productRef = 312476BD2AA05E1C00D318C7 /* RxRelay */; };
		312476C12AA05E3900D318C7 /* SnapKit in Frameworks */ = {isa = PBXBuildFile; productRef = 312476C02AA05E3900D318C7 /* SnapKit */; };
		312476C42AA05E4D00D318C7 /* Then in Frameworks */ = {isa = PBXBuildFile; productRef = 312476C32AA05E4D00D318C7 /* Then */; };
		312476C72AA068E500D318C7 /* Constants.swift in Sources */ = {isa = PBXBuildFile; fileRef = 312476C62AA068E400D318C7 /* Constants.swift */; };
		312476C92AA0690500D318C7 /* Extensions.swift in Sources */ = {isa = PBXBuildFile; fileRef = 312476C82AA0690500D318C7 /* Extensions.swift */; };
		31258F002ACE7F29004D764C /* PromiseHeaderView.swift in Sources */ = {isa = PBXBuildFile; fileRef = 31258EFF2ACE7F29004D764C /* PromiseHeaderView.swift */; };
		31258F022ACE7F3A004D764C /* PromiseTableViewCell.swift in Sources */ = {isa = PBXBuildFile; fileRef = 31258F012ACE7F3A004D764C /* PromiseTableViewCell.swift */; };
		31258F042ACE8C9F004D764C /* PromiseHeader.swift in Sources */ = {isa = PBXBuildFile; fileRef = 31258F032ACE8C9F004D764C /* PromiseHeader.swift */; };
		31258F082ACEB4C8004D764C /* RxDataSources in Frameworks */ = {isa = PBXBuildFile; productRef = 31258F072ACEB4C8004D764C /* RxDataSources */; };
		315BDC852ACEED3400B7DF20 /* FriendViewModel.swift in Sources */ = {isa = PBXBuildFile; fileRef = 315BDC842ACEED3400B7DF20 /* FriendViewModel.swift */; };
		315BDC872ACEED4600B7DF20 /* FriendViewController.swift in Sources */ = {isa = PBXBuildFile; fileRef = 315BDC862ACEED4600B7DF20 /* FriendViewController.swift */; };
		317D69CE2AD53031004CEE5C /* User.swift in Sources */ = {isa = PBXBuildFile; fileRef = 317D69CD2AD53031004CEE5C /* User.swift */; };
		317D69D12ADBA414004CEE5C /* RxFlow in Frameworks */ = {isa = PBXBuildFile; productRef = 317D69D02ADBA414004CEE5C /* RxFlow */; };
		317D69D32ADBA48B004CEE5C /* AppStep.swift in Sources */ = {isa = PBXBuildFile; fileRef = 317D69D22ADBA48B004CEE5C /* AppStep.swift */; };
		317D69D52ADBA4A1004CEE5C /* AppFlow.swift in Sources */ = {isa = PBXBuildFile; fileRef = 317D69D42ADBA4A1004CEE5C /* AppFlow.swift */; };
		317D69D72ADBC53A004CEE5C /* SignupFlow.swift in Sources */ = {isa = PBXBuildFile; fileRef = 317D69D62ADBC53A004CEE5C /* SignupFlow.swift */; };
		317D69DB2ADBC57C004CEE5C /* SignupStep.swift in Sources */ = {isa = PBXBuildFile; fileRef = 317D69DA2ADBC57C004CEE5C /* SignupStep.swift */; };
		317D69DE2ADBD3BE004CEE5C /* FindPwStep.swift in Sources */ = {isa = PBXBuildFile; fileRef = 317D69DD2ADBD3BE004CEE5C /* FindPwStep.swift */; };
		317D69E02ADBD3C6004CEE5C /* FindPwFlow.swift in Sources */ = {isa = PBXBuildFile; fileRef = 317D69DF2ADBD3C6004CEE5C /* FindPwFlow.swift */; };
		317D69E22ADC04B1004CEE5C /* Sriracha-Regular.ttf in Resources */ = {isa = PBXBuildFile; fileRef = 317D69E12ADC04B1004CEE5C /* Sriracha-Regular.ttf */; };
		317D69E72ADC1536004CEE5C /* ConfirmEmailAuthInFindPwViewController.swift in Sources */ = {isa = PBXBuildFile; fileRef = 317D69E62ADC1536004CEE5C /* ConfirmEmailAuthInFindPwViewController.swift */; };
		317D69EC2ADC1F5C004CEE5C /* PromiseStep.swift in Sources */ = {isa = PBXBuildFile; fileRef = 317D69EB2ADC1F5C004CEE5C /* PromiseStep.swift */; };
		317D69EE2ADC1F63004CEE5C /* PromiseFlow.swift in Sources */ = {isa = PBXBuildFile; fileRef = 317D69ED2ADC1F63004CEE5C /* PromiseFlow.swift */; };
		317D69F02ADC1F6E004CEE5C /* FriendStep.swift in Sources */ = {isa = PBXBuildFile; fileRef = 317D69EF2ADC1F6E004CEE5C /* FriendStep.swift */; };
		317D69F22ADC1F75004CEE5C /* FriendFlow.swift in Sources */ = {isa = PBXBuildFile; fileRef = 317D69F12ADC1F75004CEE5C /* FriendFlow.swift */; };
		317D69F52ADCFDE9004CEE5C /* SocketIO in Frameworks */ = {isa = PBXBuildFile; productRef = 317D69F42ADCFDE9004CEE5C /* SocketIO */; };
		317D69F72ADCFE0F004CEE5C /* ChatViewController.swift in Sources */ = {isa = PBXBuildFile; fileRef = 317D69F62ADCFE0F004CEE5C /* ChatViewController.swift */; };
		317D69F92ADCFE20004CEE5C /* ChatService.swift in Sources */ = {isa = PBXBuildFile; fileRef = 317D69F82ADCFE20004CEE5C /* ChatService.swift */; };
		317D69FB2ADD18B5004CEE5C /* EmailDuplicateErrorPopupViewController.swift in Sources */ = {isa = PBXBuildFile; fileRef = 317D69FA2ADD18B5004CEE5C /* EmailDuplicateErrorPopupViewController.swift */; };
		317D69FD2ADD18FE004CEE5C /* AddFriendPopupViewController.swift in Sources */ = {isa = PBXBuildFile; fileRef = 317D69FC2ADD18FE004CEE5C /* AddFriendPopupViewController.swift */; };
		317D69FF2ADD25B5004CEE5C /* RejectFriendPopupViewController.swift in Sources */ = {isa = PBXBuildFile; fileRef = 317D69FE2ADD25B5004CEE5C /* RejectFriendPopupViewController.swift */; };
		317D6A032ADD2685004CEE5C /* RequestFriendViewModel.swift in Sources */ = {isa = PBXBuildFile; fileRef = 317D6A022ADD2685004CEE5C /* RequestFriendViewModel.swift */; };
		317D6A052ADD2695004CEE5C /* RequestFriendViewController.swift in Sources */ = {isa = PBXBuildFile; fileRef = 317D6A042ADD2695004CEE5C /* RequestFriendViewController.swift */; };
		317D6A082ADF86B7004CEE5C /* MyPageViewModel.swift in Sources */ = {isa = PBXBuildFile; fileRef = 317D6A072ADF86B7004CEE5C /* MyPageViewModel.swift */; };
		317D6A0A2ADF86CB004CEE5C /* MyPageViewController.swift in Sources */ = {isa = PBXBuildFile; fileRef = 317D6A092ADF86CB004CEE5C /* MyPageViewController.swift */; };
		318586A82AE00471005EBC31 /* ChangeProfileViewModel.swift in Sources */ = {isa = PBXBuildFile; fileRef = 318586A72AE00471005EBC31 /* ChangeProfileViewModel.swift */; };
		318586AA2AE0047D005EBC31 /* ChangeProfileViewController.swift in Sources */ = {isa = PBXBuildFile; fileRef = 318586A92AE0047D005EBC31 /* ChangeProfileViewController.swift */; };
		318586AD2AE0064A005EBC31 /* MyPageStep.swift in Sources */ = {isa = PBXBuildFile; fileRef = 318586AC2AE0064A005EBC31 /* MyPageStep.swift */; };
		318586AF2AE00652005EBC31 /* MyPageFlow.swift in Sources */ = {isa = PBXBuildFile; fileRef = 318586AE2AE00652005EBC31 /* MyPageFlow.swift */; };
		318586B42AE24B3A005EBC31 /* ChangeNicknameViewController.swift in Sources */ = {isa = PBXBuildFile; fileRef = 318586B32AE24B3A005EBC31 /* ChangeNicknameViewController.swift */; };
		31BBE2822AEE83CA00B69803 /* AnnouncementHeaderView.swift in Sources */ = {isa = PBXBuildFile; fileRef = 31BBE2812AEE83CA00B69803 /* AnnouncementHeaderView.swift */; };
		31BBE2842AEE83D800B69803 /* AnnouncementTableViewCell.swift in Sources */ = {isa = PBXBuildFile; fileRef = 31BBE2832AEE83D800B69803 /* AnnouncementTableViewCell.swift */; };
		31C33F6A2AB5A94E00A99D7E /* Promise.swift in Sources */ = {isa = PBXBuildFile; fileRef = 31C33F692AB5A94E00A99D7E /* Promise.swift */; };
		31C33F792AB8093E00A99D7E /* TabBarController.swift in Sources */ = {isa = PBXBuildFile; fileRef = 31C33F782AB8093E00A99D7E /* TabBarController.swift */; };
		31C33F7B2AB809D200A99D7E /* TabBarViewModel.swift in Sources */ = {isa = PBXBuildFile; fileRef = 31C33F7A2AB809D200A99D7E /* TabBarViewModel.swift */; };
		31C33F802AB81A1500A99D7E /* Pretendard-Regular.otf in Resources */ = {isa = PBXBuildFile; fileRef = 31C33F7D2AB81A1500A99D7E /* Pretendard-Regular.otf */; };
		31C33F812AB81A1500A99D7E /* Pretendard-Medium.otf in Resources */ = {isa = PBXBuildFile; fileRef = 31C33F7E2AB81A1500A99D7E /* Pretendard-Medium.otf */; };
		31C33F822AB81A1500A99D7E /* Pretendard-SemiBold.otf in Resources */ = {isa = PBXBuildFile; fileRef = 31C33F7F2AB81A1500A99D7E /* Pretendard-SemiBold.otf */; };
		31C33F892AB977D400A99D7E /* TestViewController.swift in Sources */ = {isa = PBXBuildFile; fileRef = 31C33F882AB977D400A99D7E /* TestViewController.swift */; };
		31C33F8C2AB97A0F00A99D7E /* Alamofire in Frameworks */ = {isa = PBXBuildFile; productRef = 31C33F8B2AB97A0F00A99D7E /* Alamofire */; };
		31C33F932ABD4F2A00A99D7E /* Requestable.swift in Sources */ = {isa = PBXBuildFile; fileRef = 31C33F922ABD4F2A00A99D7E /* Requestable.swift */; };
		31C33F952ABD4F3500A99D7E /* Responsable.swift in Sources */ = {isa = PBXBuildFile; fileRef = 31C33F942ABD4F3500A99D7E /* Responsable.swift */; };
		31C33F972ABD4F6800A99D7E /* LoginAPI.swift in Sources */ = {isa = PBXBuildFile; fileRef = 31C33F962ABD4F6800A99D7E /* LoginAPI.swift */; };
		31C33F9A2ABD4FCE00A99D7E /* RxAlamofire in Frameworks */ = {isa = PBXBuildFile; productRef = 31C33F992ABD4FCE00A99D7E /* RxAlamofire */; };
		31C33F9D2ABD527300A99D7E /* Provider.swift in Sources */ = {isa = PBXBuildFile; fileRef = 31C33F9C2ABD527300A99D7E /* Provider.swift */; };
		31C33FA12ABD5EA700A99D7E /* LoginModel.swift in Sources */ = {isa = PBXBuildFile; fileRef = 31C33FA02ABD5EA700A99D7E /* LoginModel.swift */; };
		31EF2A802AECD6590082B664 /* PastPromiseViewModel.swift in Sources */ = {isa = PBXBuildFile; fileRef = 31EF2A7F2AECD6590082B664 /* PastPromiseViewModel.swift */; };
		31EF2A832AECD6770082B664 /* PastPromiseViewController.swift in Sources */ = {isa = PBXBuildFile; fileRef = 31EF2A822AECD6770082B664 /* PastPromiseViewController.swift */; };
		31EF2A852AECDA530082B664 /* PastPromiseTableViewCell.swift in Sources */ = {isa = PBXBuildFile; fileRef = 31EF2A842AECDA530082B664 /* PastPromiseTableViewCell.swift */; };
		31EF2A882AEE488D0082B664 /* SwiftSMTP in Frameworks */ = {isa = PBXBuildFile; productRef = 31EF2A872AEE488D0082B664 /* SwiftSMTP */; };
		31EF2A8A2AEE48F50082B664 /* WithdrawPopupViewController.swift in Sources */ = {isa = PBXBuildFile; fileRef = 31EF2A892AEE48F50082B664 /* WithdrawPopupViewController.swift */; };
		31EF2A8D2AEE76D90082B664 /* AnnouncementViewController.swift in Sources */ = {isa = PBXBuildFile; fileRef = 31EF2A8C2AEE76D90082B664 /* AnnouncementViewController.swift */; };
		31EF2A8F2AEE76E40082B664 /* AnnouncementViewModel.swift in Sources */ = {isa = PBXBuildFile; fileRef = 31EF2A8E2AEE76E40082B664 /* AnnouncementViewModel.swift */; };
		31EF2A922AEE78D10082B664 /* AnnouncementModel.swift in Sources */ = {isa = PBXBuildFile; fileRef = 31EF2A912AEE78D10082B664 /* AnnouncementModel.swift */; };
		31F1A0CE2AAD896400B99DC4 /* SignupViewModel.swift in Sources */ = {isa = PBXBuildFile; fileRef = 31F1A0CD2AAD896400B99DC4 /* SignupViewModel.swift */; };
		31F1A0D42AADA1F500B99DC4 /* FindPwViewController.swift in Sources */ = {isa = PBXBuildFile; fileRef = 31F1A0D32AADA1F500B99DC4 /* FindPwViewController.swift */; };
		31F1A0D62AADA2AE00B99DC4 /* FindPwViewModel.swift in Sources */ = {isa = PBXBuildFile; fileRef = 31F1A0D52AADA2AE00B99DC4 /* FindPwViewModel.swift */; };
		31F1A0D82AADD22300B99DC4 /* ChangePwViewController.swift in Sources */ = {isa = PBXBuildFile; fileRef = 31F1A0D72AADD22300B99DC4 /* ChangePwViewController.swift */; };
		31F1A0DA2AADD23000B99DC4 /* ChangePwViewModel.swift in Sources */ = {isa = PBXBuildFile; fileRef = 31F1A0D92AADD23000B99DC4 /* ChangePwViewModel.swift */; };
		31F1A0DD2AADD3C500B99DC4 /* InputErrorPopUpViewController.swift in Sources */ = {isa = PBXBuildFile; fileRef = 31F1A0DC2AADD3C500B99DC4 /* InputErrorPopUpViewController.swift */; };
		31F1A0E22AAEF7C600B99DC4 /* PromiseViewController.swift in Sources */ = {isa = PBXBuildFile; fileRef = 31F1A0E12AAEF7C600B99DC4 /* PromiseViewController.swift */; };
		31F1A0E42AAEF7E000B99DC4 /* PromiseViewModel.swift in Sources */ = {isa = PBXBuildFile; fileRef = 31F1A0E32AAEF7E000B99DC4 /* PromiseViewModel.swift */; };
		31F1A0E72AB03E8C00B99DC4 /* LimitedCollectionViewModel.swift in Sources */ = {isa = PBXBuildFile; fileRef = 31F1A0E62AB03E8C00B99DC4 /* LimitedCollectionViewModel.swift */; };
		31F1A0E92AB03EA000B99DC4 /* LimitedViewController.swift in Sources */ = {isa = PBXBuildFile; fileRef = 31F1A0E82AB03EA000B99DC4 /* LimitedViewController.swift */; };
		31F1A0EB2AB03F3100B99DC4 /* LimitedCollectionViewCell.swift in Sources */ = {isa = PBXBuildFile; fileRef = 31F1A0EA2AB03F3100B99DC4 /* LimitedCollectionViewCell.swift */; };
		31F1A0EE2AB0755E00B99DC4 /* MakePromiseViewController.swift in Sources */ = {isa = PBXBuildFile; fileRef = 31F1A0ED2AB0755E00B99DC4 /* MakePromiseViewController.swift */; };
		31F1A0F02AB0756800B99DC4 /* MakePromiseViewModel.swift in Sources */ = {isa = PBXBuildFile; fileRef = 31F1A0EF2AB0756800B99DC4 /* MakePromiseViewModel.swift */; };
		31F1A0F32AB46C9400B99DC4 /* SelectFriendViewModel.swift in Sources */ = {isa = PBXBuildFile; fileRef = 31F1A0F22AB46C9400B99DC4 /* SelectFriendViewModel.swift */; };
		31F1A0F52AB46CA400B99DC4 /* SelectFriendViewController.swift in Sources */ = {isa = PBXBuildFile; fileRef = 31F1A0F42AB46CA400B99DC4 /* SelectFriendViewController.swift */; };
		31F1A0F72AB46E9E00B99DC4 /* FriendTableViewCell.swift in Sources */ = {isa = PBXBuildFile; fileRef = 31F1A0F62AB46E9E00B99DC4 /* FriendTableViewCell.swift */; };
		31F1A0FA2AB4769C00B99DC4 /* Friend.swift in Sources */ = {isa = PBXBuildFile; fileRef = 31F1A0F92AB4769C00B99DC4 /* Friend.swift */; };
		31F1A0FC2AB488A400B99DC4 /* FriendCollectionViewCell.swift in Sources */ = {isa = PBXBuildFile; fileRef = 31F1A0FB2AB488A400B99DC4 /* FriendCollectionViewCell.swift */; };
		31F1A0FE2AB5610600B99DC4 /* ShareFriendViewModel.swift in Sources */ = {isa = PBXBuildFile; fileRef = 31F1A0FD2AB5610600B99DC4 /* ShareFriendViewModel.swift */; };
/* End PBXBuildFile section */

/* Begin PBXFileReference section */
		3116B28A2AA07C5100308CDA /* LoginViewModel.swift */ = {isa = PBXFileReference; lastKnownFileType = sourcecode.swift; path = LoginViewModel.swift; sourceTree = "<group>"; };
		3116B28C2AA0909B00308CDA /* SignupViewController.swift */ = {isa = PBXFileReference; lastKnownFileType = sourcecode.swift; path = SignupViewController.swift; sourceTree = "<group>"; };
		311CA18B2AAB376A007FD9A7 /* NicknameViewController.swift */ = {isa = PBXFileReference; lastKnownFileType = sourcecode.swift; path = NicknameViewController.swift; sourceTree = "<group>"; };
		311CA18D2AAB3776007FD9A7 /* NicknameViewModel.swift */ = {isa = PBXFileReference; lastKnownFileType = sourcecode.swift; path = NicknameViewModel.swift; sourceTree = "<group>"; };
		312006AD2AA9DE9F00501128 /* EmailAuthViewController.swift */ = {isa = PBXFileReference; lastKnownFileType = sourcecode.swift; path = EmailAuthViewController.swift; sourceTree = "<group>"; };
		312006AF2AA9DEAD00501128 /* EmailAuthViewModel.swift */ = {isa = PBXFileReference; lastKnownFileType = sourcecode.swift; path = EmailAuthViewModel.swift; sourceTree = "<group>"; };
		312006B22AAAF25000501128 /* ConfirmEmailAuthViewController.swift */ = {isa = PBXFileReference; lastKnownFileType = sourcecode.swift; path = ConfirmEmailAuthViewController.swift; sourceTree = "<group>"; };
		312006B42AAAF39900501128 /* ConfirmEmailAuthViewModel.swift */ = {isa = PBXFileReference; lastKnownFileType = sourcecode.swift; path = ConfirmEmailAuthViewModel.swift; sourceTree = "<group>"; };
		312476A12AA0588C00D318C7 /* Promise.app */ = {isa = PBXFileReference; explicitFileType = wrapper.application; includeInIndex = 0; path = Promise.app; sourceTree = BUILT_PRODUCTS_DIR; };
		312476A42AA0588C00D318C7 /* AppDelegate.swift */ = {isa = PBXFileReference; lastKnownFileType = sourcecode.swift; path = AppDelegate.swift; sourceTree = "<group>"; };
		312476A62AA0588C00D318C7 /* SceneDelegate.swift */ = {isa = PBXFileReference; lastKnownFileType = sourcecode.swift; path = SceneDelegate.swift; sourceTree = "<group>"; };
		312476A82AA0588C00D318C7 /* LoginViewController.swift */ = {isa = PBXFileReference; lastKnownFileType = sourcecode.swift; path = LoginViewController.swift; sourceTree = "<group>"; };
		312476AD2AA0588D00D318C7 /* Assets.xcassets */ = {isa = PBXFileReference; lastKnownFileType = folder.assetcatalog; path = Assets.xcassets; sourceTree = "<group>"; };
		312476B02AA0588D00D318C7 /* Base */ = {isa = PBXFileReference; lastKnownFileType = file.storyboard; name = Base; path = Base.lproj/LaunchScreen.storyboard; sourceTree = "<group>"; };
		312476B22AA0588D00D318C7 /* Info.plist */ = {isa = PBXFileReference; lastKnownFileType = text.plist.xml; path = Info.plist; sourceTree = "<group>"; };
		312476C62AA068E400D318C7 /* Constants.swift */ = {isa = PBXFileReference; lastKnownFileType = sourcecode.swift; path = Constants.swift; sourceTree = "<group>"; };
		312476C82AA0690500D318C7 /* Extensions.swift */ = {isa = PBXFileReference; lastKnownFileType = sourcecode.swift; path = Extensions.swift; sourceTree = "<group>"; };
		31258EFF2ACE7F29004D764C /* PromiseHeaderView.swift */ = {isa = PBXFileReference; lastKnownFileType = sourcecode.swift; path = PromiseHeaderView.swift; sourceTree = "<group>"; };
		31258F012ACE7F3A004D764C /* PromiseTableViewCell.swift */ = {isa = PBXFileReference; lastKnownFileType = sourcecode.swift; path = PromiseTableViewCell.swift; sourceTree = "<group>"; };
		31258F032ACE8C9F004D764C /* PromiseHeader.swift */ = {isa = PBXFileReference; lastKnownFileType = sourcecode.swift; path = PromiseHeader.swift; sourceTree = "<group>"; };
		315BDC842ACEED3400B7DF20 /* FriendViewModel.swift */ = {isa = PBXFileReference; lastKnownFileType = sourcecode.swift; path = FriendViewModel.swift; sourceTree = "<group>"; };
		315BDC862ACEED4600B7DF20 /* FriendViewController.swift */ = {isa = PBXFileReference; lastKnownFileType = sourcecode.swift; path = FriendViewController.swift; sourceTree = "<group>"; };
		317D69CD2AD53031004CEE5C /* User.swift */ = {isa = PBXFileReference; lastKnownFileType = sourcecode.swift; path = User.swift; sourceTree = "<group>"; };
		317D69D22ADBA48B004CEE5C /* AppStep.swift */ = {isa = PBXFileReference; lastKnownFileType = sourcecode.swift; path = AppStep.swift; sourceTree = "<group>"; };
		317D69D42ADBA4A1004CEE5C /* AppFlow.swift */ = {isa = PBXFileReference; lastKnownFileType = sourcecode.swift; path = AppFlow.swift; sourceTree = "<group>"; };
		317D69D62ADBC53A004CEE5C /* SignupFlow.swift */ = {isa = PBXFileReference; lastKnownFileType = sourcecode.swift; path = SignupFlow.swift; sourceTree = "<group>"; };
		317D69DA2ADBC57C004CEE5C /* SignupStep.swift */ = {isa = PBXFileReference; lastKnownFileType = sourcecode.swift; path = SignupStep.swift; sourceTree = "<group>"; };
		317D69DD2ADBD3BE004CEE5C /* FindPwStep.swift */ = {isa = PBXFileReference; lastKnownFileType = sourcecode.swift; path = FindPwStep.swift; sourceTree = "<group>"; };
		317D69DF2ADBD3C6004CEE5C /* FindPwFlow.swift */ = {isa = PBXFileReference; lastKnownFileType = sourcecode.swift; path = FindPwFlow.swift; sourceTree = "<group>"; };
		317D69E12ADC04B1004CEE5C /* Sriracha-Regular.ttf */ = {isa = PBXFileReference; lastKnownFileType = file; name = "Sriracha-Regular.ttf"; path = "../../Downloads/Sriracha/Sriracha-Regular.ttf"; sourceTree = "<group>"; };
		317D69E62ADC1536004CEE5C /* ConfirmEmailAuthInFindPwViewController.swift */ = {isa = PBXFileReference; lastKnownFileType = sourcecode.swift; path = ConfirmEmailAuthInFindPwViewController.swift; sourceTree = "<group>"; };
		317D69EB2ADC1F5C004CEE5C /* PromiseStep.swift */ = {isa = PBXFileReference; lastKnownFileType = sourcecode.swift; path = PromiseStep.swift; sourceTree = "<group>"; };
		317D69ED2ADC1F63004CEE5C /* PromiseFlow.swift */ = {isa = PBXFileReference; lastKnownFileType = sourcecode.swift; path = PromiseFlow.swift; sourceTree = "<group>"; };
		317D69EF2ADC1F6E004CEE5C /* FriendStep.swift */ = {isa = PBXFileReference; lastKnownFileType = sourcecode.swift; path = FriendStep.swift; sourceTree = "<group>"; };
		317D69F12ADC1F75004CEE5C /* FriendFlow.swift */ = {isa = PBXFileReference; lastKnownFileType = sourcecode.swift; path = FriendFlow.swift; sourceTree = "<group>"; };
		317D69F62ADCFE0F004CEE5C /* ChatViewController.swift */ = {isa = PBXFileReference; lastKnownFileType = sourcecode.swift; path = ChatViewController.swift; sourceTree = "<group>"; };
		317D69F82ADCFE20004CEE5C /* ChatService.swift */ = {isa = PBXFileReference; lastKnownFileType = sourcecode.swift; path = ChatService.swift; sourceTree = "<group>"; };
		317D69FA2ADD18B5004CEE5C /* EmailDuplicateErrorPopupViewController.swift */ = {isa = PBXFileReference; lastKnownFileType = sourcecode.swift; path = EmailDuplicateErrorPopupViewController.swift; sourceTree = "<group>"; };
		317D69FC2ADD18FE004CEE5C /* AddFriendPopupViewController.swift */ = {isa = PBXFileReference; lastKnownFileType = sourcecode.swift; path = AddFriendPopupViewController.swift; sourceTree = "<group>"; };
		317D69FE2ADD25B5004CEE5C /* RejectFriendPopupViewController.swift */ = {isa = PBXFileReference; lastKnownFileType = sourcecode.swift; path = RejectFriendPopupViewController.swift; sourceTree = "<group>"; };
		317D6A022ADD2685004CEE5C /* RequestFriendViewModel.swift */ = {isa = PBXFileReference; lastKnownFileType = sourcecode.swift; path = RequestFriendViewModel.swift; sourceTree = "<group>"; };
		317D6A042ADD2695004CEE5C /* RequestFriendViewController.swift */ = {isa = PBXFileReference; lastKnownFileType = sourcecode.swift; path = RequestFriendViewController.swift; sourceTree = "<group>"; };
		317D6A072ADF86B7004CEE5C /* MyPageViewModel.swift */ = {isa = PBXFileReference; lastKnownFileType = sourcecode.swift; path = MyPageViewModel.swift; sourceTree = "<group>"; };
		317D6A092ADF86CB004CEE5C /* MyPageViewController.swift */ = {isa = PBXFileReference; lastKnownFileType = sourcecode.swift; path = MyPageViewController.swift; sourceTree = "<group>"; };
		318586A72AE00471005EBC31 /* ChangeProfileViewModel.swift */ = {isa = PBXFileReference; lastKnownFileType = sourcecode.swift; path = ChangeProfileViewModel.swift; sourceTree = "<group>"; };
		318586A92AE0047D005EBC31 /* ChangeProfileViewController.swift */ = {isa = PBXFileReference; lastKnownFileType = sourcecode.swift; path = ChangeProfileViewController.swift; sourceTree = "<group>"; };
		318586AC2AE0064A005EBC31 /* MyPageStep.swift */ = {isa = PBXFileReference; lastKnownFileType = sourcecode.swift; path = MyPageStep.swift; sourceTree = "<group>"; };
		318586AE2AE00652005EBC31 /* MyPageFlow.swift */ = {isa = PBXFileReference; lastKnownFileType = sourcecode.swift; path = MyPageFlow.swift; sourceTree = "<group>"; };
		318586B32AE24B3A005EBC31 /* ChangeNicknameViewController.swift */ = {isa = PBXFileReference; lastKnownFileType = sourcecode.swift; path = ChangeNicknameViewController.swift; sourceTree = "<group>"; };
		31BBE2812AEE83CA00B69803 /* AnnouncementHeaderView.swift */ = {isa = PBXFileReference; lastKnownFileType = sourcecode.swift; path = AnnouncementHeaderView.swift; sourceTree = "<group>"; };
		31BBE2832AEE83D800B69803 /* AnnouncementTableViewCell.swift */ = {isa = PBXFileReference; lastKnownFileType = sourcecode.swift; path = AnnouncementTableViewCell.swift; sourceTree = "<group>"; };
		31C33F692AB5A94E00A99D7E /* Promise.swift */ = {isa = PBXFileReference; lastKnownFileType = sourcecode.swift; path = Promise.swift; sourceTree = "<group>"; };
		31C33F782AB8093E00A99D7E /* TabBarController.swift */ = {isa = PBXFileReference; lastKnownFileType = sourcecode.swift; path = TabBarController.swift; sourceTree = "<group>"; };
		31C33F7A2AB809D200A99D7E /* TabBarViewModel.swift */ = {isa = PBXFileReference; lastKnownFileType = sourcecode.swift; path = TabBarViewModel.swift; sourceTree = "<group>"; };
		31C33F7D2AB81A1500A99D7E /* Pretendard-Regular.otf */ = {isa = PBXFileReference; lastKnownFileType = file; path = "Pretendard-Regular.otf"; sourceTree = "<group>"; };
		31C33F7E2AB81A1500A99D7E /* Pretendard-Medium.otf */ = {isa = PBXFileReference; lastKnownFileType = file; path = "Pretendard-Medium.otf"; sourceTree = "<group>"; };
		31C33F7F2AB81A1500A99D7E /* Pretendard-SemiBold.otf */ = {isa = PBXFileReference; lastKnownFileType = file; path = "Pretendard-SemiBold.otf"; sourceTree = "<group>"; };
		31C33F882AB977D400A99D7E /* TestViewController.swift */ = {isa = PBXFileReference; lastKnownFileType = sourcecode.swift; path = TestViewController.swift; sourceTree = "<group>"; };
		31C33F8D2ABAA8EB00A99D7E /* Promise.entitlements */ = {isa = PBXFileReference; lastKnownFileType = text.plist.entitlements; path = Promise.entitlements; sourceTree = "<group>"; };
		31C33F922ABD4F2A00A99D7E /* Requestable.swift */ = {isa = PBXFileReference; lastKnownFileType = sourcecode.swift; path = Requestable.swift; sourceTree = "<group>"; };
		31C33F942ABD4F3500A99D7E /* Responsable.swift */ = {isa = PBXFileReference; lastKnownFileType = sourcecode.swift; path = Responsable.swift; sourceTree = "<group>"; };
		31C33F962ABD4F6800A99D7E /* LoginAPI.swift */ = {isa = PBXFileReference; lastKnownFileType = sourcecode.swift; path = LoginAPI.swift; sourceTree = "<group>"; };
		31C33F9C2ABD527300A99D7E /* Provider.swift */ = {isa = PBXFileReference; lastKnownFileType = sourcecode.swift; path = Provider.swift; sourceTree = "<group>"; };
		31C33FA02ABD5EA700A99D7E /* LoginModel.swift */ = {isa = PBXFileReference; lastKnownFileType = sourcecode.swift; path = LoginModel.swift; sourceTree = "<group>"; };
		31EF2A7F2AECD6590082B664 /* PastPromiseViewModel.swift */ = {isa = PBXFileReference; lastKnownFileType = sourcecode.swift; path = PastPromiseViewModel.swift; sourceTree = "<group>"; };
		31EF2A822AECD6770082B664 /* PastPromiseViewController.swift */ = {isa = PBXFileReference; lastKnownFileType = sourcecode.swift; path = PastPromiseViewController.swift; sourceTree = "<group>"; };
		31EF2A842AECDA530082B664 /* PastPromiseTableViewCell.swift */ = {isa = PBXFileReference; lastKnownFileType = sourcecode.swift; path = PastPromiseTableViewCell.swift; sourceTree = "<group>"; };
		31EF2A892AEE48F50082B664 /* WithdrawPopupViewController.swift */ = {isa = PBXFileReference; lastKnownFileType = sourcecode.swift; path = WithdrawPopupViewController.swift; sourceTree = "<group>"; };
		31EF2A8C2AEE76D90082B664 /* AnnouncementViewController.swift */ = {isa = PBXFileReference; lastKnownFileType = sourcecode.swift; path = AnnouncementViewController.swift; sourceTree = "<group>"; };
		31EF2A8E2AEE76E40082B664 /* AnnouncementViewModel.swift */ = {isa = PBXFileReference; lastKnownFileType = sourcecode.swift; path = AnnouncementViewModel.swift; sourceTree = "<group>"; };
		31EF2A912AEE78D10082B664 /* AnnouncementModel.swift */ = {isa = PBXFileReference; lastKnownFileType = sourcecode.swift; path = AnnouncementModel.swift; sourceTree = "<group>"; };
		31F1A0CD2AAD896400B99DC4 /* SignupViewModel.swift */ = {isa = PBXFileReference; lastKnownFileType = sourcecode.swift; path = SignupViewModel.swift; sourceTree = "<group>"; };
		31F1A0D32AADA1F500B99DC4 /* FindPwViewController.swift */ = {isa = PBXFileReference; lastKnownFileType = sourcecode.swift; path = FindPwViewController.swift; sourceTree = "<group>"; };
		31F1A0D52AADA2AE00B99DC4 /* FindPwViewModel.swift */ = {isa = PBXFileReference; lastKnownFileType = sourcecode.swift; path = FindPwViewModel.swift; sourceTree = "<group>"; };
		31F1A0D72AADD22300B99DC4 /* ChangePwViewController.swift */ = {isa = PBXFileReference; lastKnownFileType = sourcecode.swift; path = ChangePwViewController.swift; sourceTree = "<group>"; };
		31F1A0D92AADD23000B99DC4 /* ChangePwViewModel.swift */ = {isa = PBXFileReference; lastKnownFileType = sourcecode.swift; path = ChangePwViewModel.swift; sourceTree = "<group>"; };
		31F1A0DC2AADD3C500B99DC4 /* InputErrorPopUpViewController.swift */ = {isa = PBXFileReference; lastKnownFileType = sourcecode.swift; path = InputErrorPopUpViewController.swift; sourceTree = "<group>"; };
		31F1A0E12AAEF7C600B99DC4 /* PromiseViewController.swift */ = {isa = PBXFileReference; lastKnownFileType = sourcecode.swift; path = PromiseViewController.swift; sourceTree = "<group>"; };
		31F1A0E32AAEF7E000B99DC4 /* PromiseViewModel.swift */ = {isa = PBXFileReference; lastKnownFileType = sourcecode.swift; path = PromiseViewModel.swift; sourceTree = "<group>"; };
		31F1A0E62AB03E8C00B99DC4 /* LimitedCollectionViewModel.swift */ = {isa = PBXFileReference; lastKnownFileType = sourcecode.swift; path = LimitedCollectionViewModel.swift; sourceTree = "<group>"; };
		31F1A0E82AB03EA000B99DC4 /* LimitedViewController.swift */ = {isa = PBXFileReference; lastKnownFileType = sourcecode.swift; path = LimitedViewController.swift; sourceTree = "<group>"; };
		31F1A0EA2AB03F3100B99DC4 /* LimitedCollectionViewCell.swift */ = {isa = PBXFileReference; lastKnownFileType = sourcecode.swift; path = LimitedCollectionViewCell.swift; sourceTree = "<group>"; };
		31F1A0ED2AB0755E00B99DC4 /* MakePromiseViewController.swift */ = {isa = PBXFileReference; lastKnownFileType = sourcecode.swift; path = MakePromiseViewController.swift; sourceTree = "<group>"; };
		31F1A0EF2AB0756800B99DC4 /* MakePromiseViewModel.swift */ = {isa = PBXFileReference; lastKnownFileType = sourcecode.swift; path = MakePromiseViewModel.swift; sourceTree = "<group>"; };
		31F1A0F22AB46C9400B99DC4 /* SelectFriendViewModel.swift */ = {isa = PBXFileReference; lastKnownFileType = sourcecode.swift; path = SelectFriendViewModel.swift; sourceTree = "<group>"; };
		31F1A0F42AB46CA400B99DC4 /* SelectFriendViewController.swift */ = {isa = PBXFileReference; lastKnownFileType = sourcecode.swift; path = SelectFriendViewController.swift; sourceTree = "<group>"; };
		31F1A0F62AB46E9E00B99DC4 /* FriendTableViewCell.swift */ = {isa = PBXFileReference; lastKnownFileType = sourcecode.swift; path = FriendTableViewCell.swift; sourceTree = "<group>"; };
		31F1A0F92AB4769C00B99DC4 /* Friend.swift */ = {isa = PBXFileReference; lastKnownFileType = sourcecode.swift; path = Friend.swift; sourceTree = "<group>"; };
		31F1A0FB2AB488A400B99DC4 /* FriendCollectionViewCell.swift */ = {isa = PBXFileReference; lastKnownFileType = sourcecode.swift; path = FriendCollectionViewCell.swift; sourceTree = "<group>"; };
		31F1A0FD2AB5610600B99DC4 /* ShareFriendViewModel.swift */ = {isa = PBXFileReference; lastKnownFileType = sourcecode.swift; path = ShareFriendViewModel.swift; sourceTree = "<group>"; };
/* End PBXFileReference section */

/* Begin PBXFrameworksBuildPhase section */
		3124769E2AA0588C00D318C7 /* Frameworks */ = {
			isa = PBXFrameworksBuildPhase;
			buildActionMask = 2147483647;
			files = (
				312476C42AA05E4D00D318C7 /* Then in Frameworks */,
				31EF2A882AEE488D0082B664 /* SwiftSMTP in Frameworks */,
				312476BE2AA05E1C00D318C7 /* RxRelay in Frameworks */,
				312476C12AA05E3900D318C7 /* SnapKit in Frameworks */,
				317D69F52ADCFDE9004CEE5C /* SocketIO in Frameworks */,
				317D69D12ADBA414004CEE5C /* RxFlow in Frameworks */,
				31C33F8C2AB97A0F00A99D7E /* Alamofire in Frameworks */,
				312476BC2AA05E1C00D318C7 /* RxCocoa in Frameworks */,
				31258F082ACEB4C8004D764C /* RxDataSources in Frameworks */,
				31C33F9A2ABD4FCE00A99D7E /* RxAlamofire in Frameworks */,
				312476BA2AA05E1C00D318C7 /* RxBlocking in Frameworks */,
			);
			runOnlyForDeploymentPostprocessing = 0;
		};
/* End PBXFrameworksBuildPhase section */

/* Begin PBXGroup section */
		311CA18A2AAB3740007FD9A7 /* NicknamePage */ = {
			isa = PBXGroup;
			children = (
				311CA18B2AAB376A007FD9A7 /* NicknameViewController.swift */,
				311CA18D2AAB3776007FD9A7 /* NicknameViewModel.swift */,
			);
			path = NicknamePage;
			sourceTree = "<group>";
		};
		312006AC2AA9DE7200501128 /* EmailAuthPage */ = {
			isa = PBXGroup;
			children = (
				312006AD2AA9DE9F00501128 /* EmailAuthViewController.swift */,
				312006AF2AA9DEAD00501128 /* EmailAuthViewModel.swift */,
			);
			path = EmailAuthPage;
			sourceTree = "<group>";
		};
		312006B12AAAF23100501128 /* ConfirmEmailAuthPage */ = {
			isa = PBXGroup;
			children = (
				312006B22AAAF25000501128 /* ConfirmEmailAuthViewController.swift */,
				312006B42AAAF39900501128 /* ConfirmEmailAuthViewModel.swift */,
			);
			path = ConfirmEmailAuthPage;
			sourceTree = "<group>";
		};
		312476982AA0588C00D318C7 = {
			isa = PBXGroup;
			children = (
				312476A32AA0588C00D318C7 /* Promise */,
				312476A22AA0588C00D318C7 /* Products */,
			);
			sourceTree = "<group>";
		};
		312476A22AA0588C00D318C7 /* Products */ = {
			isa = PBXGroup;
			children = (
				312476A12AA0588C00D318C7 /* Promise.app */,
			);
			name = Products;
			sourceTree = "<group>";
		};
		312476A32AA0588C00D318C7 /* Promise */ = {
			isa = PBXGroup;
			children = (
				31C33F8D2ABAA8EB00A99D7E /* Promise.entitlements */,
				31C33F6C2AB6FE7F00A99D7E /* Resource */,
				31C33F6B2AB6FE3F00A99D7E /* Application */,
				312476C52AA068CD00D318C7 /* Utility */,
				31F1A0F82AB4768C00B99DC4 /* Entity */,
				31C33F902ABD4EC300A99D7E /* Network */,
				31C33F6D2AB6FEC500A99D7E /* Coordinator */,
				31F1A0DB2AADD3AE00B99DC4 /* PopUp */,
				31F1A0CF2AAD95D300B99DC4 /* LoginPage */,
				31C33F702AB6FF7600A99D7E /* TotalSignUpScene */,
				31F1A0D22AADA1D900B99DC4 /* FindPwScene */,
				31C33F772AB8092400A99D7E /* TabBar */,
				31F1A0E02AAEF7BB00B99DC4 /* PromiseScene */,
				31258F052ACE9622004D764C /* FriendScene */,
				317D6A062ADF8697004CEE5C /* MyPageScene */,
				312476B22AA0588D00D318C7 /* Info.plist */,
				31C33F882AB977D400A99D7E /* TestViewController.swift */,
				317D69F62ADCFE0F004CEE5C /* ChatViewController.swift */,
				317D69F82ADCFE20004CEE5C /* ChatService.swift */,
			);
			path = Promise;
			sourceTree = "<group>";
		};
		312476C52AA068CD00D318C7 /* Utility */ = {
			isa = PBXGroup;
			children = (
				312476C62AA068E400D318C7 /* Constants.swift */,
				312476C82AA0690500D318C7 /* Extensions.swift */,
			);
			path = Utility;
			sourceTree = "<group>";
		};
		31258EFE2ACE7EE9004D764C /* PromiseTableViewCells */ = {
			isa = PBXGroup;
			children = (
				31258EFF2ACE7F29004D764C /* PromiseHeaderView.swift */,
				31258F012ACE7F3A004D764C /* PromiseTableViewCell.swift */,
				31EF2A842AECDA530082B664 /* PastPromiseTableViewCell.swift */,
			);
			path = PromiseTableViewCells;
			sourceTree = "<group>";
		};
		31258F052ACE9622004D764C /* FriendScene */ = {
			isa = PBXGroup;
			children = (
				317D6A002ADD2651004CEE5C /* FriendPage */,
				317D6A012ADD265D004CEE5C /* RequestFriendPage */,
			);
			path = FriendScene;
			sourceTree = "<group>";
		};
		317D69D82ADBC54F004CEE5C /* App */ = {
			isa = PBXGroup;
			children = (
				317D69D22ADBA48B004CEE5C /* AppStep.swift */,
				317D69D42ADBA4A1004CEE5C /* AppFlow.swift */,
			);
			path = App;
			sourceTree = "<group>";
		};
		317D69D92ADBC566004CEE5C /* SignUp */ = {
			isa = PBXGroup;
			children = (
				317D69DA2ADBC57C004CEE5C /* SignupStep.swift */,
				317D69D62ADBC53A004CEE5C /* SignupFlow.swift */,
			);
			path = SignUp;
			sourceTree = "<group>";
		};
		317D69DC2ADBD387004CEE5C /* FindPw */ = {
			isa = PBXGroup;
			children = (
				317D69DD2ADBD3BE004CEE5C /* FindPwStep.swift */,
				317D69DF2ADBD3C6004CEE5C /* FindPwFlow.swift */,
			);
			path = FindPw;
			sourceTree = "<group>";
		};
		317D69E32ADC14F5004CEE5C /* ConfirmEmailAuthInFindPwPage */ = {
			isa = PBXGroup;
			children = (
				317D69E62ADC1536004CEE5C /* ConfirmEmailAuthInFindPwViewController.swift */,
			);
			path = ConfirmEmailAuthInFindPwPage;
			sourceTree = "<group>";
		};
		317D69E82ADC1F34004CEE5C /* Promise */ = {
			isa = PBXGroup;
			children = (
				317D69EB2ADC1F5C004CEE5C /* PromiseStep.swift */,
				317D69ED2ADC1F63004CEE5C /* PromiseFlow.swift */,
			);
			path = Promise;
			sourceTree = "<group>";
		};
		317D69EA2ADC1F48004CEE5C /* Friend */ = {
			isa = PBXGroup;
			children = (
				317D69EF2ADC1F6E004CEE5C /* FriendStep.swift */,
				317D69F12ADC1F75004CEE5C /* FriendFlow.swift */,
			);
			path = Friend;
			sourceTree = "<group>";
		};
		317D6A002ADD2651004CEE5C /* FriendPage */ = {
			isa = PBXGroup;
			children = (
				315BDC862ACEED4600B7DF20 /* FriendViewController.swift */,
				315BDC842ACEED3400B7DF20 /* FriendViewModel.swift */,
			);
			path = FriendPage;
			sourceTree = "<group>";
		};
		317D6A012ADD265D004CEE5C /* RequestFriendPage */ = {
			isa = PBXGroup;
			children = (
				317D6A042ADD2695004CEE5C /* RequestFriendViewController.swift */,
				317D6A022ADD2685004CEE5C /* RequestFriendViewModel.swift */,
			);
			path = RequestFriendPage;
			sourceTree = "<group>";
		};
		317D6A062ADF8697004CEE5C /* MyPageScene */ = {
			isa = PBXGroup;
			children = (
				31EF2A8B2AEE76BB0082B664 /* AnnouncementPage */,
				318586B02AE24B1A005EBC31 /* ChangeNicknamePage */,
				318586A62AE0042F005EBC31 /* ChangeProfilePage */,
				317D6A092ADF86CB004CEE5C /* MyPageViewController.swift */,
				317D6A072ADF86B7004CEE5C /* MyPageViewModel.swift */,
			);
			path = MyPageScene;
			sourceTree = "<group>";
		};
		318586A62AE0042F005EBC31 /* ChangeProfilePage */ = {
			isa = PBXGroup;
			children = (
				318586A92AE0047D005EBC31 /* ChangeProfileViewController.swift */,
				318586A72AE00471005EBC31 /* ChangeProfileViewModel.swift */,
			);
			path = ChangeProfilePage;
			sourceTree = "<group>";
		};
		318586AB2AE00623005EBC31 /* MyPage */ = {
			isa = PBXGroup;
			children = (
				318586AC2AE0064A005EBC31 /* MyPageStep.swift */,
				318586AE2AE00652005EBC31 /* MyPageFlow.swift */,
			);
			path = MyPage;
			sourceTree = "<group>";
		};
		318586B02AE24B1A005EBC31 /* ChangeNicknamePage */ = {
			isa = PBXGroup;
			children = (
				318586B32AE24B3A005EBC31 /* ChangeNicknameViewController.swift */,
			);
			path = ChangeNicknamePage;
			sourceTree = "<group>";
		};
		31C33F6B2AB6FE3F00A99D7E /* Application */ = {
			isa = PBXGroup;
			children = (
				312476AF2AA0588D00D318C7 /* LaunchScreen.storyboard */,
				312476A42AA0588C00D318C7 /* AppDelegate.swift */,
				312476A62AA0588C00D318C7 /* SceneDelegate.swift */,
			);
			path = Application;
			sourceTree = "<group>";
		};
		31C33F6C2AB6FE7F00A99D7E /* Resource */ = {
			isa = PBXGroup;
			children = (
				31C33F7C2AB81A1500A99D7E /* FontStyle */,
				312476AD2AA0588D00D318C7 /* Assets.xcassets */,
			);
			path = Resource;
			sourceTree = "<group>";
		};
		31C33F6D2AB6FEC500A99D7E /* Coordinator */ = {
			isa = PBXGroup;
			children = (
				317D69D82ADBC54F004CEE5C /* App */,
				317D69D92ADBC566004CEE5C /* SignUp */,
				317D69DC2ADBD387004CEE5C /* FindPw */,
				317D69E82ADC1F34004CEE5C /* Promise */,
				317D69EA2ADC1F48004CEE5C /* Friend */,
				318586AB2AE00623005EBC31 /* MyPage */,
			);
			path = Coordinator;
			sourceTree = "<group>";
		};
		31C33F702AB6FF7600A99D7E /* TotalSignUpScene */ = {
			isa = PBXGroup;
			children = (
				312006AC2AA9DE7200501128 /* EmailAuthPage */,
				312006B12AAAF23100501128 /* ConfirmEmailAuthPage */,
				311CA18A2AAB3740007FD9A7 /* NicknamePage */,
				31F1A0CC2AAD894D00B99DC4 /* SignUpPage */,
			);
			path = TotalSignUpScene;
			sourceTree = "<group>";
		};
		31C33F772AB8092400A99D7E /* TabBar */ = {
			isa = PBXGroup;
			children = (
				31C33F782AB8093E00A99D7E /* TabBarController.swift */,
				31C33F7A2AB809D200A99D7E /* TabBarViewModel.swift */,
			);
			path = TabBar;
			sourceTree = "<group>";
		};
		31C33F7C2AB81A1500A99D7E /* FontStyle */ = {
			isa = PBXGroup;
			children = (
				31C33F7D2AB81A1500A99D7E /* Pretendard-Regular.otf */,
				317D69E12ADC04B1004CEE5C /* Sriracha-Regular.ttf */,
				31C33F7E2AB81A1500A99D7E /* Pretendard-Medium.otf */,
				31C33F7F2AB81A1500A99D7E /* Pretendard-SemiBold.otf */,
			);
			name = FontStyle;
			path = ../../../FontStyle;
			sourceTree = "<group>";
		};
		31C33F832AB81A9C00A99D7E /* FindPwPage */ = {
			isa = PBXGroup;
			children = (
				31F1A0D32AADA1F500B99DC4 /* FindPwViewController.swift */,
				31F1A0D52AADA2AE00B99DC4 /* FindPwViewModel.swift */,
			);
			path = FindPwPage;
			sourceTree = "<group>";
		};
		31C33F852AB8202600A99D7E /* ChangePwPage */ = {
			isa = PBXGroup;
			children = (
				31F1A0D72AADD22300B99DC4 /* ChangePwViewController.swift */,
				31F1A0D92AADD23000B99DC4 /* ChangePwViewModel.swift */,
			);
			path = ChangePwPage;
			sourceTree = "<group>";
		};
		31C33F902ABD4EC300A99D7E /* Network */ = {
			isa = PBXGroup;
			children = (
				31C33F9E2ABD5E8C00A99D7E /* Models */,
				31C33F912ABD4F0100A99D7E /* EndPoint */,
				31C33F9B2ABD526500A99D7E /* Provider */,
			);
			path = Network;
			sourceTree = "<group>";
		};
		31C33F912ABD4F0100A99D7E /* EndPoint */ = {
			isa = PBXGroup;
			children = (
				31C33F922ABD4F2A00A99D7E /* Requestable.swift */,
				31C33F942ABD4F3500A99D7E /* Responsable.swift */,
				31C33F962ABD4F6800A99D7E /* LoginAPI.swift */,
			);
			path = EndPoint;
			sourceTree = "<group>";
		};
		31C33F9B2ABD526500A99D7E /* Provider */ = {
			isa = PBXGroup;
			children = (
				31C33F9C2ABD527300A99D7E /* Provider.swift */,
			);
			path = Provider;
			sourceTree = "<group>";
		};
		31C33F9E2ABD5E8C00A99D7E /* Models */ = {
			isa = PBXGroup;
			children = (
				31C33F9F2ABD5E9500A99D7E /* Login */,
			);
			path = Models;
			sourceTree = "<group>";
		};
		31C33F9F2ABD5E9500A99D7E /* Login */ = {
			isa = PBXGroup;
			children = (
				31C33FA02ABD5EA700A99D7E /* LoginModel.swift */,
			);
			path = Login;
			sourceTree = "<group>";
		};
		31EF2A812AECD65E0082B664 /* PastPromisePage */ = {
			isa = PBXGroup;
			children = (
				31EF2A822AECD6770082B664 /* PastPromiseViewController.swift */,
				31EF2A7F2AECD6590082B664 /* PastPromiseViewModel.swift */,
			);
			path = PastPromisePage;
			sourceTree = "<group>";
		};
		31EF2A8B2AEE76BB0082B664 /* AnnouncementPage */ = {
			isa = PBXGroup;
			children = (
				31EF2A902AEE774A0082B664 /* AnnouncementTableViewCells */,
				31EF2A8C2AEE76D90082B664 /* AnnouncementViewController.swift */,
				31EF2A8E2AEE76E40082B664 /* AnnouncementViewModel.swift */,
				31EF2A912AEE78D10082B664 /* AnnouncementModel.swift */,
			);
			path = AnnouncementPage;
			sourceTree = "<group>";
		};
		31EF2A902AEE774A0082B664 /* AnnouncementTableViewCells */ = {
			isa = PBXGroup;
			children = (
				31BBE2812AEE83CA00B69803 /* AnnouncementHeaderView.swift */,
				31BBE2832AEE83D800B69803 /* AnnouncementTableViewCell.swift */,
			);
			path = AnnouncementTableViewCells;
			sourceTree = "<group>";
		};
		31F1A0CC2AAD894D00B99DC4 /* SignUpPage */ = {
			isa = PBXGroup;
			children = (
				31F1A0E52AB03E5D00B99DC4 /* LimitedCollectionView */,
				3116B28C2AA0909B00308CDA /* SignupViewController.swift */,
				31F1A0CD2AAD896400B99DC4 /* SignupViewModel.swift */,
			);
			path = SignUpPage;
			sourceTree = "<group>";
		};
		31F1A0CF2AAD95D300B99DC4 /* LoginPage */ = {
			isa = PBXGroup;
			children = (
				312476A82AA0588C00D318C7 /* LoginViewController.swift */,
				3116B28A2AA07C5100308CDA /* LoginViewModel.swift */,
			);
			path = LoginPage;
			sourceTree = "<group>";
		};
		31F1A0D22AADA1D900B99DC4 /* FindPwScene */ = {
			isa = PBXGroup;
			children = (
				31C33F832AB81A9C00A99D7E /* FindPwPage */,
				317D69E32ADC14F5004CEE5C /* ConfirmEmailAuthInFindPwPage */,
				31C33F852AB8202600A99D7E /* ChangePwPage */,
			);
			path = FindPwScene;
			sourceTree = "<group>";
		};
		31F1A0DB2AADD3AE00B99DC4 /* PopUp */ = {
			isa = PBXGroup;
			children = (
				31F1A0DC2AADD3C500B99DC4 /* InputErrorPopUpViewController.swift */,
				317D69FA2ADD18B5004CEE5C /* EmailDuplicateErrorPopupViewController.swift */,
				317D69FC2ADD18FE004CEE5C /* AddFriendPopupViewController.swift */,
				317D69FE2ADD25B5004CEE5C /* RejectFriendPopupViewController.swift */,
				31EF2A892AEE48F50082B664 /* WithdrawPopupViewController.swift */,
			);
			path = PopUp;
			sourceTree = "<group>";
		};
		31F1A0E02AAEF7BB00B99DC4 /* PromiseScene */ = {
			isa = PBXGroup;
			children = (
				31EF2A812AECD65E0082B664 /* PastPromisePage */,
				31258EFE2ACE7EE9004D764C /* PromiseTableViewCells */,
				31F1A0F12AB46C6800B99DC4 /* SelectFriendPage */,
				31F1A0EC2AB0754A00B99DC4 /* MakePromisePage */,
				31F1A0E12AAEF7C600B99DC4 /* PromiseViewController.swift */,
				31F1A0E32AAEF7E000B99DC4 /* PromiseViewModel.swift */,
			);
			path = PromiseScene;
			sourceTree = "<group>";
		};
		31F1A0E52AB03E5D00B99DC4 /* LimitedCollectionView */ = {
			isa = PBXGroup;
			children = (
				31F1A0E82AB03EA000B99DC4 /* LimitedViewController.swift */,
				31F1A0E62AB03E8C00B99DC4 /* LimitedCollectionViewModel.swift */,
				31F1A0EA2AB03F3100B99DC4 /* LimitedCollectionViewCell.swift */,
			);
			path = LimitedCollectionView;
			sourceTree = "<group>";
		};
		31F1A0EC2AB0754A00B99DC4 /* MakePromisePage */ = {
			isa = PBXGroup;
			children = (
				31F1A0ED2AB0755E00B99DC4 /* MakePromiseViewController.swift */,
				31F1A0EF2AB0756800B99DC4 /* MakePromiseViewModel.swift */,
				31F1A0FB2AB488A400B99DC4 /* FriendCollectionViewCell.swift */,
			);
			path = MakePromisePage;
			sourceTree = "<group>";
		};
		31F1A0F12AB46C6800B99DC4 /* SelectFriendPage */ = {
			isa = PBXGroup;
			children = (
				31F1A0F42AB46CA400B99DC4 /* SelectFriendViewController.swift */,
				31F1A0F22AB46C9400B99DC4 /* SelectFriendViewModel.swift */,
				31F1A0F62AB46E9E00B99DC4 /* FriendTableViewCell.swift */,
				31F1A0FD2AB5610600B99DC4 /* ShareFriendViewModel.swift */,
			);
			path = SelectFriendPage;
			sourceTree = "<group>";
		};
		31F1A0F82AB4768C00B99DC4 /* Entity */ = {
			isa = PBXGroup;
			children = (
				31F1A0F92AB4769C00B99DC4 /* Friend.swift */,
				31C33F692AB5A94E00A99D7E /* Promise.swift */,
				31258F032ACE8C9F004D764C /* PromiseHeader.swift */,
				317D69CD2AD53031004CEE5C /* User.swift */,
			);
			path = Entity;
			sourceTree = "<group>";
		};
/* End PBXGroup section */

/* Begin PBXNativeTarget section */
		312476A02AA0588C00D318C7 /* Promise */ = {
			isa = PBXNativeTarget;
			buildConfigurationList = 312476B52AA0588D00D318C7 /* Build configuration list for PBXNativeTarget "Promise" */;
			buildPhases = (
				3124769D2AA0588C00D318C7 /* Sources */,
				3124769E2AA0588C00D318C7 /* Frameworks */,
				3124769F2AA0588C00D318C7 /* Resources */,
			);
			buildRules = (
			);
			dependencies = (
			);
			name = Promise;
			packageProductDependencies = (
				312476B92AA05E1C00D318C7 /* RxBlocking */,
				312476BB2AA05E1C00D318C7 /* RxCocoa */,
				312476BD2AA05E1C00D318C7 /* RxRelay */,
				312476C02AA05E3900D318C7 /* SnapKit */,
				312476C32AA05E4D00D318C7 /* Then */,
				31C33F8B2AB97A0F00A99D7E /* Alamofire */,
				31C33F992ABD4FCE00A99D7E /* RxAlamofire */,
				31258F072ACEB4C8004D764C /* RxDataSources */,
				317D69D02ADBA414004CEE5C /* RxFlow */,
				317D69F42ADCFDE9004CEE5C /* SocketIO */,
				31EF2A872AEE488D0082B664 /* SwiftSMTP */,
			);
			productName = Promise;
			productReference = 312476A12AA0588C00D318C7 /* Promise.app */;
			productType = "com.apple.product-type.application";
		};
/* End PBXNativeTarget section */

/* Begin PBXProject section */
		312476992AA0588C00D318C7 /* Project object */ = {
			isa = PBXProject;
			attributes = {
				BuildIndependentTargetsInParallel = 1;
				LastSwiftUpdateCheck = 1400;
				LastUpgradeCheck = 1400;
				TargetAttributes = {
					312476A02AA0588C00D318C7 = {
						CreatedOnToolsVersion = 14.0.1;
					};
				};
			};
			buildConfigurationList = 3124769C2AA0588C00D318C7 /* Build configuration list for PBXProject "Promise" */;
			compatibilityVersion = "Xcode 14.0";
			developmentRegion = en;
			hasScannedForEncodings = 0;
			knownRegions = (
				en,
				Base,
			);
			mainGroup = 312476982AA0588C00D318C7;
			packageReferences = (
				312476B82AA05E1C00D318C7 /* XCRemoteSwiftPackageReference "RxSwift" */,
				312476BF2AA05E3900D318C7 /* XCRemoteSwiftPackageReference "SnapKit" */,
				312476C22AA05E4D00D318C7 /* XCRemoteSwiftPackageReference "Then" */,
				31C33F8A2AB97A0F00A99D7E /* XCRemoteSwiftPackageReference "Alamofire" */,
				31C33F982ABD4FCE00A99D7E /* XCRemoteSwiftPackageReference "RxAlamofire" */,
				31258F062ACEB4C8004D764C /* XCRemoteSwiftPackageReference "RxDataSources" */,
				317D69CF2ADBA414004CEE5C /* XCRemoteSwiftPackageReference "RxFlow" */,
				317D69F32ADCFDE9004CEE5C /* XCRemoteSwiftPackageReference "socket" */,
				31EF2A862AEE488D0082B664 /* XCRemoteSwiftPackageReference "Swift-SMTP" */,
			);
			productRefGroup = 312476A22AA0588C00D318C7 /* Products */;
			projectDirPath = "";
			projectRoot = "";
			targets = (
				312476A02AA0588C00D318C7 /* Promise */,
			);
		};
/* End PBXProject section */

/* Begin PBXResourcesBuildPhase section */
		3124769F2AA0588C00D318C7 /* Resources */ = {
			isa = PBXResourcesBuildPhase;
			buildActionMask = 2147483647;
			files = (
				317D69E22ADC04B1004CEE5C /* Sriracha-Regular.ttf in Resources */,
				312476B12AA0588D00D318C7 /* LaunchScreen.storyboard in Resources */,
				31C33F802AB81A1500A99D7E /* Pretendard-Regular.otf in Resources */,
				31C33F822AB81A1500A99D7E /* Pretendard-SemiBold.otf in Resources */,
				312476AE2AA0588D00D318C7 /* Assets.xcassets in Resources */,
				31C33F812AB81A1500A99D7E /* Pretendard-Medium.otf in Resources */,
			);
			runOnlyForDeploymentPostprocessing = 0;
		};
/* End PBXResourcesBuildPhase section */

/* Begin PBXSourcesBuildPhase section */
		3124769D2AA0588C00D318C7 /* Sources */ = {
			isa = PBXSourcesBuildPhase;
			buildActionMask = 2147483647;
			files = (
				31C33F7B2AB809D200A99D7E /* TabBarViewModel.swift in Sources */,
				317D69DB2ADBC57C004CEE5C /* SignupStep.swift in Sources */,
				317D69E72ADC1536004CEE5C /* ConfirmEmailAuthInFindPwViewController.swift in Sources */,
				31EF2A852AECDA530082B664 /* PastPromiseTableViewCell.swift in Sources */,
				31F1A0E92AB03EA000B99DC4 /* LimitedViewController.swift in Sources */,
				31C33F6A2AB5A94E00A99D7E /* Promise.swift in Sources */,
				31F1A0E22AAEF7C600B99DC4 /* PromiseViewController.swift in Sources */,
				315BDC872ACEED4600B7DF20 /* FriendViewController.swift in Sources */,
				312006B32AAAF25000501128 /* ConfirmEmailAuthViewController.swift in Sources */,
				318586AF2AE00652005EBC31 /* MyPageFlow.swift in Sources */,
				317D69FF2ADD25B5004CEE5C /* RejectFriendPopupViewController.swift in Sources */,
				317D69EC2ADC1F5C004CEE5C /* PromiseStep.swift in Sources */,
				31258F022ACE7F3A004D764C /* PromiseTableViewCell.swift in Sources */,
				312476C92AA0690500D318C7 /* Extensions.swift in Sources */,
				317D69D32ADBA48B004CEE5C /* AppStep.swift in Sources */,
				31F1A0D62AADA2AE00B99DC4 /* FindPwViewModel.swift in Sources */,
				31EF2A8A2AEE48F50082B664 /* WithdrawPopupViewController.swift in Sources */,
				312006AE2AA9DE9F00501128 /* EmailAuthViewController.swift in Sources */,
				317D6A0A2ADF86CB004CEE5C /* MyPageViewController.swift in Sources */,
				31C33F792AB8093E00A99D7E /* TabBarController.swift in Sources */,
				317D69FD2ADD18FE004CEE5C /* AddFriendPopupViewController.swift in Sources */,
				317D69E02ADBD3C6004CEE5C /* FindPwFlow.swift in Sources */,
				317D69DE2ADBD3BE004CEE5C /* FindPwStep.swift in Sources */,
				31F1A0E72AB03E8C00B99DC4 /* LimitedCollectionViewModel.swift in Sources */,
				31C33F972ABD4F6800A99D7E /* LoginAPI.swift in Sources */,
				31C33FA12ABD5EA700A99D7E /* LoginModel.swift in Sources */,
				317D69F92ADCFE20004CEE5C /* ChatService.swift in Sources */,
				31C33F9D2ABD527300A99D7E /* Provider.swift in Sources */,
				31F1A0EE2AB0755E00B99DC4 /* MakePromiseViewController.swift in Sources */,
				3116B28D2AA0909B00308CDA /* SignupViewController.swift in Sources */,
				311CA18C2AAB376A007FD9A7 /* NicknameViewController.swift in Sources */,
				318586B42AE24B3A005EBC31 /* ChangeNicknameViewController.swift in Sources */,
				31C33F932ABD4F2A00A99D7E /* Requestable.swift in Sources */,
				315BDC852ACEED3400B7DF20 /* FriendViewModel.swift in Sources */,
				318586AD2AE0064A005EBC31 /* MyPageStep.swift in Sources */,
				317D69F22ADC1F75004CEE5C /* FriendFlow.swift in Sources */,
				31C33F892AB977D400A99D7E /* TestViewController.swift in Sources */,
				317D6A052ADD2695004CEE5C /* RequestFriendViewController.swift in Sources */,
				31BBE2842AEE83D800B69803 /* AnnouncementTableViewCell.swift in Sources */,
				312476A92AA0588C00D318C7 /* LoginViewController.swift in Sources */,
				31F1A0CE2AAD896400B99DC4 /* SignupViewModel.swift in Sources */,
				31EF2A802AECD6590082B664 /* PastPromiseViewModel.swift in Sources */,
				317D69F72ADCFE0F004CEE5C /* ChatViewController.swift in Sources */,
				31F1A0D82AADD22300B99DC4 /* ChangePwViewController.swift in Sources */,
				31F1A0DA2AADD23000B99DC4 /* ChangePwViewModel.swift in Sources */,
				312006B02AA9DEAD00501128 /* EmailAuthViewModel.swift in Sources */,
				317D69CE2AD53031004CEE5C /* User.swift in Sources */,
				31EF2A832AECD6770082B664 /* PastPromiseViewController.swift in Sources */,
				3116B28B2AA07C5100308CDA /* LoginViewModel.swift in Sources */,
				318586AA2AE0047D005EBC31 /* ChangeProfileViewController.swift in Sources */,
				31C33F952ABD4F3500A99D7E /* Responsable.swift in Sources */,
				31F1A0F02AB0756800B99DC4 /* MakePromiseViewModel.swift in Sources */,
				31F1A0FA2AB4769C00B99DC4 /* Friend.swift in Sources */,
				317D69FB2ADD18B5004CEE5C /* EmailDuplicateErrorPopupViewController.swift in Sources */,
				31F1A0EB2AB03F3100B99DC4 /* LimitedCollectionViewCell.swift in Sources */,
				31BBE2822AEE83CA00B69803 /* AnnouncementHeaderView.swift in Sources */,
				312006B52AAAF39900501128 /* ConfirmEmailAuthViewModel.swift in Sources */,
				31F1A0FE2AB5610600B99DC4 /* ShareFriendViewModel.swift in Sources */,
				31EF2A922AEE78D10082B664 /* AnnouncementModel.swift in Sources */,
				317D69F02ADC1F6E004CEE5C /* FriendStep.swift in Sources */,
				31EF2A8F2AEE76E40082B664 /* AnnouncementViewModel.swift in Sources */,
				317D6A032ADD2685004CEE5C /* RequestFriendViewModel.swift in Sources */,
				318586A82AE00471005EBC31 /* ChangeProfileViewModel.swift in Sources */,
				31EF2A8D2AEE76D90082B664 /* AnnouncementViewController.swift in Sources */,
				312476A52AA0588C00D318C7 /* AppDelegate.swift in Sources */,
				31F1A0DD2AADD3C500B99DC4 /* InputErrorPopUpViewController.swift in Sources */,
				31F1A0FC2AB488A400B99DC4 /* FriendCollectionViewCell.swift in Sources */,
				31F1A0F72AB46E9E00B99DC4 /* FriendTableViewCell.swift in Sources */,
				31258F002ACE7F29004D764C /* PromiseHeaderView.swift in Sources */,
				31258F042ACE8C9F004D764C /* PromiseHeader.swift in Sources */,
				31F1A0D42AADA1F500B99DC4 /* FindPwViewController.swift in Sources */,
				312476A72AA0588C00D318C7 /* SceneDelegate.swift in Sources */,
				312476C72AA068E500D318C7 /* Constants.swift in Sources */,
				317D69D72ADBC53A004CEE5C /* SignupFlow.swift in Sources */,
				317D6A082ADF86B7004CEE5C /* MyPageViewModel.swift in Sources */,
				31F1A0F32AB46C9400B99DC4 /* SelectFriendViewModel.swift in Sources */,
				31F1A0E42AAEF7E000B99DC4 /* PromiseViewModel.swift in Sources */,
				317D69D52ADBA4A1004CEE5C /* AppFlow.swift in Sources */,
				31F1A0F52AB46CA400B99DC4 /* SelectFriendViewController.swift in Sources */,
				311CA18E2AAB3776007FD9A7 /* NicknameViewModel.swift in Sources */,
				317D69EE2ADC1F63004CEE5C /* PromiseFlow.swift in Sources */,
			);
			runOnlyForDeploymentPostprocessing = 0;
		};
/* End PBXSourcesBuildPhase section */

/* Begin PBXVariantGroup section */
		312476AF2AA0588D00D318C7 /* LaunchScreen.storyboard */ = {
			isa = PBXVariantGroup;
			children = (
				312476B02AA0588D00D318C7 /* Base */,
			);
			name = LaunchScreen.storyboard;
			sourceTree = "<group>";
		};
/* End PBXVariantGroup section */

/* Begin XCBuildConfiguration section */
		312476B32AA0588D00D318C7 /* Debug */ = {
			isa = XCBuildConfiguration;
			buildSettings = {
				ALWAYS_SEARCH_USER_PATHS = NO;
				CLANG_ANALYZER_NONNULL = YES;
				CLANG_ANALYZER_NUMBER_OBJECT_CONVERSION = YES_AGGRESSIVE;
				CLANG_CXX_LANGUAGE_STANDARD = "gnu++20";
				CLANG_ENABLE_MODULES = YES;
				CLANG_ENABLE_OBJC_ARC = YES;
				CLANG_ENABLE_OBJC_WEAK = YES;
				CLANG_WARN_BLOCK_CAPTURE_AUTORELEASING = YES;
				CLANG_WARN_BOOL_CONVERSION = YES;
				CLANG_WARN_COMMA = YES;
				CLANG_WARN_CONSTANT_CONVERSION = YES;
				CLANG_WARN_DEPRECATED_OBJC_IMPLEMENTATIONS = YES;
				CLANG_WARN_DIRECT_OBJC_ISA_USAGE = YES_ERROR;
				CLANG_WARN_DOCUMENTATION_COMMENTS = YES;
				CLANG_WARN_EMPTY_BODY = YES;
				CLANG_WARN_ENUM_CONVERSION = YES;
				CLANG_WARN_INFINITE_RECURSION = YES;
				CLANG_WARN_INT_CONVERSION = YES;
				CLANG_WARN_NON_LITERAL_NULL_CONVERSION = YES;
				CLANG_WARN_OBJC_IMPLICIT_RETAIN_SELF = YES;
				CLANG_WARN_OBJC_LITERAL_CONVERSION = YES;
				CLANG_WARN_OBJC_ROOT_CLASS = YES_ERROR;
				CLANG_WARN_QUOTED_INCLUDE_IN_FRAMEWORK_HEADER = YES;
				CLANG_WARN_RANGE_LOOP_ANALYSIS = YES;
				CLANG_WARN_STRICT_PROTOTYPES = YES;
				CLANG_WARN_SUSPICIOUS_MOVE = YES;
				CLANG_WARN_UNGUARDED_AVAILABILITY = YES_AGGRESSIVE;
				CLANG_WARN_UNREACHABLE_CODE = YES;
				CLANG_WARN__DUPLICATE_METHOD_MATCH = YES;
				COPY_PHASE_STRIP = NO;
				DEBUG_INFORMATION_FORMAT = dwarf;
				ENABLE_STRICT_OBJC_MSGSEND = YES;
				ENABLE_TESTABILITY = YES;
				GCC_C_LANGUAGE_STANDARD = gnu11;
				GCC_DYNAMIC_NO_PIC = NO;
				GCC_NO_COMMON_BLOCKS = YES;
				GCC_OPTIMIZATION_LEVEL = 0;
				GCC_PREPROCESSOR_DEFINITIONS = (
					"DEBUG=1",
					"$(inherited)",
				);
				GCC_WARN_64_TO_32_BIT_CONVERSION = YES;
				GCC_WARN_ABOUT_RETURN_TYPE = YES_ERROR;
				GCC_WARN_UNDECLARED_SELECTOR = YES;
				GCC_WARN_UNINITIALIZED_AUTOS = YES_AGGRESSIVE;
				GCC_WARN_UNUSED_FUNCTION = YES;
				GCC_WARN_UNUSED_VARIABLE = YES;
				IPHONEOS_DEPLOYMENT_TARGET = 16.0;
				MTL_ENABLE_DEBUG_INFO = INCLUDE_SOURCE;
				MTL_FAST_MATH = YES;
				ONLY_ACTIVE_ARCH = YES;
				SDKROOT = iphoneos;
				SWIFT_ACTIVE_COMPILATION_CONDITIONS = DEBUG;
				SWIFT_OPTIMIZATION_LEVEL = "-Onone";
			};
			name = Debug;
		};
		312476B42AA0588D00D318C7 /* Release */ = {
			isa = XCBuildConfiguration;
			buildSettings = {
				ALWAYS_SEARCH_USER_PATHS = NO;
				CLANG_ANALYZER_NONNULL = YES;
				CLANG_ANALYZER_NUMBER_OBJECT_CONVERSION = YES_AGGRESSIVE;
				CLANG_CXX_LANGUAGE_STANDARD = "gnu++20";
				CLANG_ENABLE_MODULES = YES;
				CLANG_ENABLE_OBJC_ARC = YES;
				CLANG_ENABLE_OBJC_WEAK = YES;
				CLANG_WARN_BLOCK_CAPTURE_AUTORELEASING = YES;
				CLANG_WARN_BOOL_CONVERSION = YES;
				CLANG_WARN_COMMA = YES;
				CLANG_WARN_CONSTANT_CONVERSION = YES;
				CLANG_WARN_DEPRECATED_OBJC_IMPLEMENTATIONS = YES;
				CLANG_WARN_DIRECT_OBJC_ISA_USAGE = YES_ERROR;
				CLANG_WARN_DOCUMENTATION_COMMENTS = YES;
				CLANG_WARN_EMPTY_BODY = YES;
				CLANG_WARN_ENUM_CONVERSION = YES;
				CLANG_WARN_INFINITE_RECURSION = YES;
				CLANG_WARN_INT_CONVERSION = YES;
				CLANG_WARN_NON_LITERAL_NULL_CONVERSION = YES;
				CLANG_WARN_OBJC_IMPLICIT_RETAIN_SELF = YES;
				CLANG_WARN_OBJC_LITERAL_CONVERSION = YES;
				CLANG_WARN_OBJC_ROOT_CLASS = YES_ERROR;
				CLANG_WARN_QUOTED_INCLUDE_IN_FRAMEWORK_HEADER = YES;
				CLANG_WARN_RANGE_LOOP_ANALYSIS = YES;
				CLANG_WARN_STRICT_PROTOTYPES = YES;
				CLANG_WARN_SUSPICIOUS_MOVE = YES;
				CLANG_WARN_UNGUARDED_AVAILABILITY = YES_AGGRESSIVE;
				CLANG_WARN_UNREACHABLE_CODE = YES;
				CLANG_WARN__DUPLICATE_METHOD_MATCH = YES;
				COPY_PHASE_STRIP = NO;
				DEBUG_INFORMATION_FORMAT = "dwarf-with-dsym";
				ENABLE_NS_ASSERTIONS = NO;
				ENABLE_STRICT_OBJC_MSGSEND = YES;
				GCC_C_LANGUAGE_STANDARD = gnu11;
				GCC_NO_COMMON_BLOCKS = YES;
				GCC_WARN_64_TO_32_BIT_CONVERSION = YES;
				GCC_WARN_ABOUT_RETURN_TYPE = YES_ERROR;
				GCC_WARN_UNDECLARED_SELECTOR = YES;
				GCC_WARN_UNINITIALIZED_AUTOS = YES_AGGRESSIVE;
				GCC_WARN_UNUSED_FUNCTION = YES;
				GCC_WARN_UNUSED_VARIABLE = YES;
				IPHONEOS_DEPLOYMENT_TARGET = 16.0;
				MTL_ENABLE_DEBUG_INFO = NO;
				MTL_FAST_MATH = YES;
				SDKROOT = iphoneos;
				SWIFT_COMPILATION_MODE = wholemodule;
				SWIFT_OPTIMIZATION_LEVEL = "-O";
				VALIDATE_PRODUCT = YES;
			};
			name = Release;
		};
		312476B62AA0588D00D318C7 /* Debug */ = {
			isa = XCBuildConfiguration;
			buildSettings = {
				ASSETCATALOG_COMPILER_APPICON_NAME = AppIcon;
				ASSETCATALOG_COMPILER_GLOBAL_ACCENT_COLOR_NAME = AccentColor;
				CODE_SIGN_ENTITLEMENTS = Promise/Promise.entitlements;
				CODE_SIGN_STYLE = Automatic;
				CURRENT_PROJECT_VERSION = 1;
				DEVELOPMENT_TEAM = 9A5MT7L34S;
				GENERATE_INFOPLIST_FILE = YES;
				INFOPLIST_FILE = Promise/Info.plist;
				INFOPLIST_KEY_UIApplicationSupportsIndirectInputEvents = YES;
				INFOPLIST_KEY_UILaunchStoryboardName = LaunchScreen;
				INFOPLIST_KEY_UISupportedInterfaceOrientations_iPad = "UIInterfaceOrientationPortrait UIInterfaceOrientationPortraitUpsideDown UIInterfaceOrientationLandscapeLeft UIInterfaceOrientationLandscapeRight";
				INFOPLIST_KEY_UISupportedInterfaceOrientations_iPhone = "UIInterfaceOrientationPortrait UIInterfaceOrientationLandscapeLeft UIInterfaceOrientationLandscapeRight";
				LD_RUNPATH_SEARCH_PATHS = (
					"$(inherited)",
					"@executable_path/Frameworks",
				);
				MARKETING_VERSION = 1.0;
				PRODUCT_BUNDLE_IDENTIFIER = jungsun.Promise;
				PRODUCT_NAME = "$(TARGET_NAME)";
				SWIFT_EMIT_LOC_STRINGS = YES;
				SWIFT_VERSION = 5.0;
				TARGETED_DEVICE_FAMILY = "1,2";
			};
			name = Debug;
		};
		312476B72AA0588D00D318C7 /* Release */ = {
			isa = XCBuildConfiguration;
			buildSettings = {
				ASSETCATALOG_COMPILER_APPICON_NAME = AppIcon;
				ASSETCATALOG_COMPILER_GLOBAL_ACCENT_COLOR_NAME = AccentColor;
				CODE_SIGN_ENTITLEMENTS = Promise/Promise.entitlements;
				CODE_SIGN_STYLE = Automatic;
				CURRENT_PROJECT_VERSION = 1;
				DEVELOPMENT_TEAM = 9A5MT7L34S;
				GENERATE_INFOPLIST_FILE = YES;
				INFOPLIST_FILE = Promise/Info.plist;
				INFOPLIST_KEY_UIApplicationSupportsIndirectInputEvents = YES;
				INFOPLIST_KEY_UILaunchStoryboardName = LaunchScreen;
				INFOPLIST_KEY_UISupportedInterfaceOrientations_iPad = "UIInterfaceOrientationPortrait UIInterfaceOrientationPortraitUpsideDown UIInterfaceOrientationLandscapeLeft UIInterfaceOrientationLandscapeRight";
				INFOPLIST_KEY_UISupportedInterfaceOrientations_iPhone = "UIInterfaceOrientationPortrait UIInterfaceOrientationLandscapeLeft UIInterfaceOrientationLandscapeRight";
				LD_RUNPATH_SEARCH_PATHS = (
					"$(inherited)",
					"@executable_path/Frameworks",
				);
				MARKETING_VERSION = 1.0;
				PRODUCT_BUNDLE_IDENTIFIER = jungsun.Promise;
				PRODUCT_NAME = "$(TARGET_NAME)";
				SWIFT_EMIT_LOC_STRINGS = YES;
				SWIFT_VERSION = 5.0;
				TARGETED_DEVICE_FAMILY = "1,2";
			};
			name = Release;
		};
/* End XCBuildConfiguration section */

/* Begin XCConfigurationList section */
		3124769C2AA0588C00D318C7 /* Build configuration list for PBXProject "Promise" */ = {
			isa = XCConfigurationList;
			buildConfigurations = (
				312476B32AA0588D00D318C7 /* Debug */,
				312476B42AA0588D00D318C7 /* Release */,
			);
			defaultConfigurationIsVisible = 0;
			defaultConfigurationName = Release;
		};
		312476B52AA0588D00D318C7 /* Build configuration list for PBXNativeTarget "Promise" */ = {
			isa = XCConfigurationList;
			buildConfigurations = (
				312476B62AA0588D00D318C7 /* Debug */,
				312476B72AA0588D00D318C7 /* Release */,
			);
			defaultConfigurationIsVisible = 0;
			defaultConfigurationName = Release;
		};
/* End XCConfigurationList section */

/* Begin XCRemoteSwiftPackageReference section */
		312476B82AA05E1C00D318C7 /* XCRemoteSwiftPackageReference "RxSwift" */ = {
			isa = XCRemoteSwiftPackageReference;
			repositoryURL = "https://github.com/ReactiveX/RxSwift.git";
			requirement = {
				branch = main;
				kind = branch;
			};
		};
		312476BF2AA05E3900D318C7 /* XCRemoteSwiftPackageReference "SnapKit" */ = {
			isa = XCRemoteSwiftPackageReference;
			repositoryURL = "https://github.com/SnapKit/SnapKit.git";
			requirement = {
				branch = develop;
				kind = branch;
			};
		};
		312476C22AA05E4D00D318C7 /* XCRemoteSwiftPackageReference "Then" */ = {
			isa = XCRemoteSwiftPackageReference;
			repositoryURL = "https://github.com/devxoul/Then";
			requirement = {
				kind = upToNextMajorVersion;
				minimumVersion = 3.0.0;
			};
		};
		31258F062ACEB4C8004D764C /* XCRemoteSwiftPackageReference "RxDataSources" */ = {
			isa = XCRemoteSwiftPackageReference;
			repositoryURL = "https://github.com/RxSwiftCommunity/RxDataSources.git";
			requirement = {
				branch = main;
				kind = branch;
			};
		};
		317D69CF2ADBA414004CEE5C /* XCRemoteSwiftPackageReference "RxFlow" */ = {
			isa = XCRemoteSwiftPackageReference;
			repositoryURL = "https://github.com/RxSwiftCommunity/RxFlow.git";
			requirement = {
				branch = main;
				kind = branch;
			};
		};
		317D69F32ADCFDE9004CEE5C /* XCRemoteSwiftPackageReference "socket" */ = {
			isa = XCRemoteSwiftPackageReference;
			repositoryURL = "https://github.com/socketio/socket.io-client-swift";
			requirement = {
				branch = master;
				kind = branch;
			};
		};
		31C33F8A2AB97A0F00A99D7E /* XCRemoteSwiftPackageReference "Alamofire" */ = {
			isa = XCRemoteSwiftPackageReference;
			repositoryURL = "https://github.com/Alamofire/Alamofire.git";
			requirement = {
				branch = master;
				kind = branch;
			};
		};
		31C33F982ABD4FCE00A99D7E /* XCRemoteSwiftPackageReference "RxAlamofire" */ = {
			isa = XCRemoteSwiftPackageReference;
			repositoryURL = "https://github.com/RxSwiftCommunity/RxAlamofire.git";
			requirement = {
				branch = main;
				kind = branch;
			};
		};
		31EF2A862AEE488D0082B664 /* XCRemoteSwiftPackageReference "Swift-SMTP" */ = {
			isa = XCRemoteSwiftPackageReference;
			repositoryURL = "https://github.com/Kitura/Swift-SMTP";
			requirement = {
				branch = master;
				kind = branch;
			};
		};
/* End XCRemoteSwiftPackageReference section */

/* Begin XCSwiftPackageProductDependency section */
		312476B92AA05E1C00D318C7 /* RxBlocking */ = {
			isa = XCSwiftPackageProductDependency;
			package = 312476B82AA05E1C00D318C7 /* XCRemoteSwiftPackageReference "RxSwift" */;
			productName = RxBlocking;
		};
		312476BB2AA05E1C00D318C7 /* RxCocoa */ = {
			isa = XCSwiftPackageProductDependency;
			package = 312476B82AA05E1C00D318C7 /* XCRemoteSwiftPackageReference "RxSwift" */;
			productName = RxCocoa;
		};
		312476BD2AA05E1C00D318C7 /* RxRelay */ = {
			isa = XCSwiftPackageProductDependency;
			package = 312476B82AA05E1C00D318C7 /* XCRemoteSwiftPackageReference "RxSwift" */;
			productName = RxRelay;
		};
		312476C02AA05E3900D318C7 /* SnapKit */ = {
			isa = XCSwiftPackageProductDependency;
			package = 312476BF2AA05E3900D318C7 /* XCRemoteSwiftPackageReference "SnapKit" */;
			productName = SnapKit;
		};
		312476C32AA05E4D00D318C7 /* Then */ = {
			isa = XCSwiftPackageProductDependency;
			package = 312476C22AA05E4D00D318C7 /* XCRemoteSwiftPackageReference "Then" */;
			productName = Then;
		};
		31258F072ACEB4C8004D764C /* RxDataSources */ = {
			isa = XCSwiftPackageProductDependency;
			package = 31258F062ACEB4C8004D764C /* XCRemoteSwiftPackageReference "RxDataSources" */;
			productName = RxDataSources;
		};
		317D69D02ADBA414004CEE5C /* RxFlow */ = {
			isa = XCSwiftPackageProductDependency;
			package = 317D69CF2ADBA414004CEE5C /* XCRemoteSwiftPackageReference "RxFlow" */;
			productName = RxFlow;
		};
		317D69F42ADCFDE9004CEE5C /* SocketIO */ = {
			isa = XCSwiftPackageProductDependency;
			package = 317D69F32ADCFDE9004CEE5C /* XCRemoteSwiftPackageReference "socket" */;
			productName = SocketIO;
		};
		31C33F8B2AB97A0F00A99D7E /* Alamofire */ = {
			isa = XCSwiftPackageProductDependency;
			package = 31C33F8A2AB97A0F00A99D7E /* XCRemoteSwiftPackageReference "Alamofire" */;
			productName = Alamofire;
		};
		31C33F992ABD4FCE00A99D7E /* RxAlamofire */ = {
			isa = XCSwiftPackageProductDependency;
			package = 31C33F982ABD4FCE00A99D7E /* XCRemoteSwiftPackageReference "RxAlamofire" */;
			productName = RxAlamofire;
		};
		31EF2A872AEE488D0082B664 /* SwiftSMTP */ = {
			isa = XCSwiftPackageProductDependency;
			package = 31EF2A862AEE488D0082B664 /* XCRemoteSwiftPackageReference "Swift-SMTP" */;
			productName = SwiftSMTP;
		};
/* End XCSwiftPackageProductDependency section */
	};
	rootObject = 312476992AA0588C00D318C7 /* Project object */;
}
