{
  "pins" : [
    {
      "identity" : "alamofire",
      "kind" : "remoteSourceControl",
      "location" : "https://github.com/Alamofire/Alamofire.git",
      "state" : {
        "branch" : "master",
        "revision" : "41bcbaf24f67efb2befd8abc0f32f0c66d1c78be"
      }
    },
    {
      "identity" : "ohhttpstubs",
      "kind" : "remoteSourceControl",
      "location" : "https://github.com/AliSoftware/OHHTTPStubs.git",
      "state" : {
        "revision" : "12f19662426d0434d6c330c6974d53e2eb10ecd9",
        "version" : "9.1.0"
      }
    },
    {
      "identity" : "rxalamofire",
      "kind" : "remoteSourceControl",
      "location" : "https://github.com/RxSwiftCommunity/RxAlamofire.git",
      "state" : {
        "branch" : "main",
        "revision" : "b1bc0c45f743fe87a2a741430ac589de9736ab66"
      }
    },
    {
      "identity" : "rxdatasources",
      "kind" : "remoteSourceControl",
      "location" : "https://github.com/RxSwiftCommunity/RxDataSources.git",
      "state" : {
        "branch" : "main",
        "revision" : "bbfea3869f5492580563c676acda729c64fa489e"
      }
    },
    {
      "identity" : "rxswift",
      "kind" : "remoteSourceControl",
      "location" : "https://github.com/ReactiveX/RxSwift.git",
      "state" : {
        "branch" : "main",
        "revision" : "2ff073fc1b9c600ac9b54734aff3348110437c19"
      }
    },
    {
      "identity" : "snapkit",
      "kind" : "remoteSourceControl",
      "location" : "https://github.com/SnapKit/SnapKit.git",
      "state" : {
        "branch" : "develop",
        "revision" : "58320fe80522414bf3a7e24c88123581dc586752"
      }
    },
    {
      "identity" : "then",
      "kind" : "remoteSourceControl",
      "location" : "https://github.com/devxoul/Then",
      "state" : {
        "revision" : "d41ef523faef0f911369f79c0b96815d9dbb6d7a",
        "version" : "3.0.0"
      }
    }
  ],
  "version" : 2
}
