{
  "pins" : [
    {
      "identity" : "alamofire",
      "kind" : "remoteSourceControl",
      "location" : "https://github.com/Alamofire/Alamofire.git",
      "state" : {
        "branch" : "master",
        "revision" : "827a879ae2dcc473dfcae8ae188b992f66cd07d6"
      }
    },
    {
      "identity" : "kakao-ios-sdk",
      "kind" : "remoteSourceControl",
      "location" : "https://github.com/kakao/kakao-ios-sdk.git",
      "state" : {
        "revision" : "ae3c60cbd4e3b348775f8c766e5b908fa1e66c5a",
        "version" : "2.20.0"
      }
    },
    {
      "identity" : "kakao-ios-sdk-rx",
      "kind" : "remoteSourceControl",
      "location" : "https://github.com/kakao/kakao-ios-sdk-rx",
      "state" : {
        "branch" : "master",
        "revision" : "4f3a1e5f17c1bb881ac00ab87c5579ed852f992b"
      }
    },
    {
      "identity" : "kingfisher",
      "kind" : "remoteSourceControl",
      "location" : "https://github.com/onevcat/Kingfisher.git",
      "state" : {
        "revision" : "3ec0ab0bca4feb56e8b33e289c9496e89059dd08",
        "version" : "7.10.2"
      }
    },
    {
      "identity" : "moya",
      "kind" : "remoteSourceControl",
      "location" : "https://github.com/Moya/Moya.git",
      "state" : {
        "branch" : "master",
        "revision" : "963654cd4f82d17d7546b9d6127c29f6df091717"
      }
    },
    {
      "identity" : "ohhttpstubs",
      "kind" : "remoteSourceControl",
      "location" : "https://github.com/AliSoftware/OHHTTPStubs.git",
      "state" : {
        "revision" : "12f19662426d0434d6c330c6974d53e2eb10ecd9",
        "version" : "9.1.0"
      }
    },
    {
      "identity" : "reactiveswift",
      "kind" : "remoteSourceControl",
      "location" : "https://github.com/ReactiveCocoa/ReactiveSwift.git",
      "state" : {
        "revision" : "c43bae3dac73fdd3cb906bd5a1914686ca71ed3c",
        "version" : "6.7.0"
      }
    },
    {
      "identity" : "realm-core",
      "kind" : "remoteSourceControl",
      "location" : "https://github.com/realm/realm-core.git",
      "state" : {
        "revision" : "7227d6a447821c28895daa099b6c7cd4c99d461b",
        "version" : "13.25.1"
      }
    },
    {
      "identity" : "realm-swift",
      "kind" : "remoteSourceControl",
      "location" : "https://github.com/realm/realm-swift",
      "state" : {
        "branch" : "master",
        "revision" : "65269e499f882a2f8bc7ebe3e5a36a1ed7be48dc"
      }
    },
    {
      "identity" : "rxalamofire",
      "kind" : "remoteSourceControl",
      "location" : "https://github.com/RxSwiftCommunity/RxAlamofire.git",
      "state" : {
        "branch" : "main",
        "revision" : "b1bc0c45f743fe87a2a741430ac589de9736ab66"
      }
    },
    {
      "identity" : "rxdatasources",
      "kind" : "remoteSourceControl",
      "location" : "https://github.com/RxSwiftCommunity/RxDataSources.git",
      "state" : {
        "branch" : "main",
        "revision" : "bbfea3869f5492580563c676acda729c64fa489e"
      }
    },
    {
      "identity" : "rxflow",
      "kind" : "remoteSourceControl",
      "location" : "https://github.com/RxSwiftCommunity/RxFlow.git",
      "state" : {
        "branch" : "main",
        "revision" : "2cba1e09eb439c9b79ccbf1aa07881b63d53f255"
      }
    },
    {
      "identity" : "rxswift",
      "kind" : "remoteSourceControl",
      "location" : "https://github.com/ReactiveX/RxSwift.git",
      "state" : {
        "branch" : "main",
        "revision" : "551639293147e54fddced6f967a60d115818e18e"
      }
    },
    {
      "identity" : "snapkit",
      "kind" : "remoteSourceControl",
      "location" : "https://github.com/SnapKit/SnapKit.git",
      "state" : {
        "branch" : "develop",
        "revision" : "4478b2234e85c36b9f2c855d909037dc4dc08eda"
      }
    },
    {
      "identity" : "then",
      "kind" : "remoteSourceControl",
      "location" : "https://github.com/devxoul/Then",
      "state" : {
        "revision" : "d41ef523faef0f911369f79c0b96815d9dbb6d7a",
        "version" : "3.0.0"
      }
    }
  ],
  "version" : 2
}
